
Microsoft Visual Studio Solution File, Format Version 12.00
# Visual Studio Version 16
VisualStudioVersion = 16.0.30804.86
MinimumVisualStudioVersion = 10.0.40219.1
Project("{FAE04EC0-301F-11D3-BF4B-00C04F79EFBC}") = "SoftSensConf", "SoftSensConf.csproj", "{72184F55-D5EF-48C9-A11E-A87A631CCCCB}"
EndProject
Global
	GlobalSection(SolutionConfigurationPlatforms) = preSolution
		Debug|Any CPU = Debug|Any CPU
		Release|Any CPU = Release|Any CPU
	EndGlobalSection
	GlobalSection(ProjectConfigurationPlatforms) = postSolution
		{72184F55-D5EF-48C9-A11E-A87A631CCCCB}.Debug|Any CPU.ActiveCfg = Debug|Any CPU
		{72184F55-D5EF-48C9-A11E-A87A631CCCCB}.Debug|Any CPU.Build.0 = Debug|Any CPU
		{72184F55-D5EF-48C9-A11E-A87A631CCCCB}.Release|Any CPU.ActiveCfg = Release|Any CPU
		{72184F55-D5EF-48C9-A11E-A87A631CCCCB}.Release|Any CPU.Build.0 = Release|Any CPU
	EndGlobalSection
	GlobalSection(SolutionProperties) = preSolution
		HideSolutionNode = FALSE
	EndGlobalSection
	GlobalSection(ExtensibilityGlobals) = postSolution
		SolutionGuid = {AEC83162-B2B2-458A-BDB3-876A49341666}
	EndGlobalSection
EndGlobal
